<?xml version="1.0" encoding="utf-8"?>
<Project ToolsVersion="4.0" xmlns="http://schemas.microsoft.com/developer/msbuild/2003">
  <ItemGroup>
    <Filter Include="Source Files">
      <UniqueIdentifier>{4FC737F1-C7A5-4376-A066-2A32D752A2FF}</UniqueIdentifier>
      <Extensions>cpp;c;cc;cxx;def;odl;idl;hpj;bat;asm;asmx</Extensions>
    </Filter>
    <Filter Include="Header Files">
      <UniqueIdentifier>{93995380-89BD-4b04-88EB-625FBE52EBFB}</UniqueIdentifier>
      <Extensions>h;hh;hpp;hxx;hm;inl;inc;xsd</Extensions>
    </Filter>
    <Filter Include="Resource Files">
      <UniqueIdentifier>{67DA6AB6-F800-4c08-8B7A-83BB121AAD01}</UniqueIdentifier>
      <Extensions>rc;ico;cur;bmp;dlg;rc2;rct;bin;rgs;gif;jpg;jpeg;jpe;resx;tiff;tif;png;wav;mfcribbon-ms</Extensions>
    </Filter>
    <Filter Include="CSV Files">
      <UniqueIdentifier>{597e9d63-bebd-458d-8ca9-190e4f486faa}</UniqueIdentifier>
    </Filter>
    <Filter Include="Builders / Factories">
      <UniqueIdentifier>{81a70a27-2095-40a5-8cfc-f45f8d6639be}</UniqueIdentifier>
    </Filter>
    <Filter Include="Ship">
      <UniqueIdentifier>{5bfc82c3-523e-4435-be1e-df00f5ca14bf}</UniqueIdentifier>
    </Filter>
    <Filter Include="LocationStates">
      <UniqueIdentifier>{02dd5908-7acc-4500-8c01-b7bc73f88c18}</UniqueIdentifier>
    </Filter>
    <Filter Include="WindHandlers">
      <UniqueIdentifier>{c090f33f-2cba-46ef-83d9-43ee766e0aca}</UniqueIdentifier>
    </Filter>
    <Filter Include="Cannon">
      <UniqueIdentifier>{962241e4-6e97-40f0-a313-fa5377d0ba3b}</UniqueIdentifier>
    </Filter>
    <Filter Include="Utils">
      <UniqueIdentifier>{9a846d9e-4caa-4cf4-b4f1-39e6a8ec1ca4}</UniqueIdentifier>
    </Filter>
  </ItemGroup>
  <ItemGroup>
    <ClCompile Include="Main.cpp">
      <Filter>Source Files</Filter>
    </ClCompile>
    <ClCompile Include="Game.cpp">
      <Filter>Source Files</Filter>
    </ClCompile>
    <ClCompile Include="CSVParser.cpp">
      <Filter>Source Files</Filter>
    </ClCompile>
    <ClCompile Include="CityBuilder.cpp">
      <Filter>Builders / Factories</Filter>
    </ClCompile>
    <ClCompile Include="CityFactory.cpp">
      <Filter>Builders / Factories</Filter>
    </ClCompile>
    <ClCompile Include="ShipFactory.cpp">
      <Filter>Builders / Factories</Filter>
    </ClCompile>
    <ClCompile Include="GoodsFactory.cpp">
      <Filter>Builders / Factories</Filter>
    </ClCompile>
    <ClCompile Include="Ship.cpp">
      <Filter>Ship</Filter>
    </ClCompile>
    <ClCompile Include="LocationState.cpp">
      <Filter>LocationStates</Filter>
    </ClCompile>
    <ClCompile Include="City.cpp">
      <Filter>LocationStates</Filter>
    </ClCompile>
    <ClCompile Include="Battle.cpp">
      <Filter>LocationStates</Filter>
    </ClCompile>
    <ClCompile Include="Sea.cpp">
      <Filter>LocationStates</Filter>
    </ClCompile>
    <ClCompile Include="Pirate.cpp">
      <Filter>Source Files</Filter>
    </ClCompile>
    <ClCompile Include="Goods.cpp">
      <Filter>Source Files</Filter>
    </ClCompile>
    <ClCompile Include="WindHandler.cpp">
      <Filter>WindHandlers</Filter>
    </ClCompile>
    <ClCompile Include="NoneHandler.cpp">
      <Filter>WindHandlers</Filter>
    </ClCompile>
    <ClCompile Include="BreezeHandler.cpp">
      <Filter>WindHandlers</Filter>
    </ClCompile>
    <ClCompile Include="WeakHandler.cpp">
      <Filter>WindHandlers</Filter>
    </ClCompile>
    <ClCompile Include="NormalHandler.cpp">
      <Filter>WindHandlers</Filter>
    </ClCompile>
    <ClCompile Include="StrongHandler.cpp">
      <Filter>WindHandlers</Filter>
    </ClCompile>
    <ClCompile Include="StormHandler.cpp">
      <Filter>WindHandlers</Filter>
    </ClCompile>
    <ClCompile Include="Cannon.cpp">
      <Filter>Cannon</Filter>
    </ClCompile>
    <ClCompile Include="HeavyCannon.cpp">
      <Filter>Cannon</Filter>
    </ClCompile>
    <ClCompile Include="LightCannon.cpp">
      <Filter>Cannon</Filter>
    </ClCompile>
    <ClCompile Include="MediumCannon.cpp">
      <Filter>Cannon</Filter>
    </ClCompile>
    <ClCompile Include="RandomGenerator.cpp">
      <Filter>Source Files</Filter>
    </ClCompile>
    <ClCompile Include="LightShip.cpp">
      <Filter>Ship</Filter>
    </ClCompile>
    <ClCompile Include="NormalShip.cpp">
      <Filter>Ship</Filter>
    </ClCompile>
    <ClCompile Include="LogShip.cpp">
      <Filter>Ship</Filter>
    </ClCompile>
  </ItemGroup>
  <ItemGroup>
    <ClInclude Include="CityBuilder.h">
      <Filter>Builders / Factories</Filter>
    </ClInclude>
    <ClInclude Include="CityFactory.h">
      <Filter>Builders / Factories</Filter>
    </ClInclude>
    <ClInclude Include="ShipFactory.h">
      <Filter>Builders / Factories</Filter>
    </ClInclude>
    <ClInclude Include="GoodsFactory.h">
      <Filter>Builders / Factories</Filter>
    </ClInclude>
    <ClInclude Include="Ship.h">
      <Filter>Ship</Filter>
    </ClInclude>
    <ClInclude Include="LocationState.h">
      <Filter>LocationStates</Filter>
    </ClInclude>
    <ClInclude Include="Battle.h">
      <Filter>LocationStates</Filter>
    </ClInclude>
    <ClInclude Include="City.h">
      <Filter>LocationStates</Filter>
    </ClInclude>
    <ClInclude Include="Sea.h">
      <Filter>LocationStates</Filter>
    </ClInclude>
    <ClInclude Include="CSVParser.h">
      <Filter>Source Files</Filter>
    </ClInclude>
    <ClInclude Include="Game.h">
      <Filter>Source Files</Filter>
    </ClInclude>
    <ClInclude Include="Main.h">
      <Filter>Source Files</Filter>
    </ClInclude>
    <ClInclude Include="Pirate.h">
      <Filter>Source Files</Filter>
    </ClInclude>
    <ClInclude Include="Goods.h">
      <Filter>Source Files</Filter>
    </ClInclude>
    <ClInclude Include="WindHandler.h">
      <Filter>WindHandlers</Filter>
    </ClInclude>
    <ClInclude Include="NoneHandler.h">
      <Filter>WindHandlers</Filter>
    </ClInclude>
    <ClInclude Include="BreezeHandler.h">
      <Filter>WindHandlers</Filter>
    </ClInclude>
    <ClInclude Include="WeakHandler.h">
      <Filter>WindHandlers</Filter>
    </ClInclude>
    <ClInclude Include="NormalHandler.h">
      <Filter>WindHandlers</Filter>
    </ClInclude>
    <ClInclude Include="StrongHandler.h">
      <Filter>WindHandlers</Filter>
    </ClInclude>
    <ClInclude Include="StormHandler.h">
      <Filter>WindHandlers</Filter>
    </ClInclude>
    <ClInclude Include="Cannon.h">
      <Filter>Cannon</Filter>
    </ClInclude>
    <ClInclude Include="HeavyCannon.h">
      <Filter>Cannon</Filter>
    </ClInclude>
    <ClInclude Include="LightCannon.h">
      <Filter>Cannon</Filter>
    </ClInclude>
    <ClInclude Include="MediumCannon.h">
      <Filter>Cannon</Filter>
    </ClInclude>
    <ClInclude Include="RandomGenerator.h">
      <Filter>Source Files</Filter>
    </ClInclude>
    <ClInclude Include="LightShip.h">
      <Filter>Ship</Filter>
    </ClInclude>
    <ClInclude Include="NormalShip.h">
      <Filter>Ship</Filter>
    </ClInclude>
    <ClInclude Include="LogShip.h">
      <Filter>Ship</Filter>
    </ClInclude>
    <ClInclude Include="CustomVector.h">
      <Filter>Utils</Filter>
    </ClInclude>
    <ClInclude Include="CityDestination.h">
      <Filter>Source Files</Filter>
    </ClInclude>
    <ClInclude Include="Vector.h">
      <Filter>Utils</Filter>
    </ClInclude>
  </ItemGroup>
  <ItemGroup>
    <None Include="afstanden tussen steden.csv">
      <Filter>Resource Files</Filter>
    </None>
    <None Include="goederen hoeveelheid.csv">
      <Filter>Resource Files</Filter>
    </None>
    <None Include="goederen prijzen.csv">
      <Filter>Resource Files</Filter>
    </None>
    <None Include="schepen.csv">
      <Filter>Resource Files</Filter>
    </None>
  </ItemGroup>
</Project>